
Microsoft Visual Studio Solution File, Format Version 12.00
Project("{FAE04EC0-301F-11D3-BF4B-00C04F79EFBC}") = "BansheeBlog", "BansheeBlog\BansheeBlog.csproj", "{0D84389F-4A87-44E7-B25A-0F2E2B89ED37}"
EndProject
Global
	GlobalSection(SolutionConfigurationPlatforms) = preSolution
		Debug|Any CPU = Debug|Any CPU
		Release|Any CPU = Release|Any CPU
	EndGlobalSection
	GlobalSection(ProjectConfigurationPlatforms) = postSolution
		{0D84389F-4A87-44E7-B25A-0F2E2B89ED37}.Debug|Any CPU.Build.0 = Debug|Any CPU
		{0D84389F-4A87-44E7-B25A-0F2E2B89ED37}.Release|Any CPU.ActiveCfg = Release|Any CPU
		{0D84389F-4A87-44E7-B25A-0F2E2B89ED37}.Release|Any CPU.Build.0 = Release|Any CPU
	EndGlobalSection
EndGlobal
